// !$*UTF8*$!
{
	archiveVersion = 1;
	classes = {
	};
	objectVersion = 56;
	objects = {

/* Begin PBXBuildFile section */
		04490B562BA46AB5009E5034 /* Application.swift in Sources */ = {isa = PBXBuildFile; fileRef = 04490B552BA46AB5009E5034 /* Application.swift */; };
		04490B582BA46AB5009E5034 /* ContentView.swift in Sources */ = {isa = PBXBuildFile; fileRef = 04490B572BA46AB5009E5034 /* ContentView.swift */; };
		04490B5A2BA46AB7009E5034 /* Assets.xcassets in Resources */ = {isa = PBXBuildFile; fileRef = 04490B592BA46AB7009E5034 /* Assets.xcassets */; };
		04490B5D2BA46AB7009E5034 /* Preview Assets.xcassets in Resources */ = {isa = PBXBuildFile; fileRef = 04490B5C2BA46AB7009E5034 /* Preview Assets.xcassets */; };
		048DD0EC2BA8DAD60064F663 /* Keychain.swift in Sources */ = {isa = PBXBuildFile; fileRef = 04A379922BA8CBAA00A7152D /* Keychain.swift */; };
		048DD12E2BA8E22A0064F663 /* URL.swift in Sources */ = {isa = PBXBuildFile; fileRef = 048DD12D2BA8E22A0064F663 /* URL.swift */; };
		048DD12F2BA8E2600064F663 /* libShared.a in Frameworks */ = {isa = PBXBuildFile; fileRef = 048DD1262BA8E21C0064F663 /* libShared.a */; };
		048DD1322BA8E2680064F663 /* libShared.a in Frameworks */ = {isa = PBXBuildFile; fileRef = 048DD1262BA8E21C0064F663 /* libShared.a */; };
		048DD1372BA8E3300064F663 /* URLSession.swift in Sources */ = {isa = PBXBuildFile; fileRef = 048DD1362BA8E3300064F663 /* URLSession.swift */; };
		048DD1392BA8E34C0064F663 /* URLRequest.swift in Sources */ = {isa = PBXBuildFile; fileRef = 048DD1382BA8E34C0064F663 /* URLRequest.swift */; };
		048DD13C2BA8E38F0064F663 /* DebouncedState.swift in Sources */ = {isa = PBXBuildFile; fileRef = 048DD13B2BA8E38F0064F663 /* DebouncedState.swift */; };
		048FB4B52BA760060062EE05 /* DismissableNavigationLink.swift in Sources */ = {isa = PBXBuildFile; fileRef = 048FB4B42BA760060062EE05 /* DismissableNavigationLink.swift */; };
		04A379932BA8CBAA00A7152D /* Keychain.swift in Sources */ = {isa = PBXBuildFile; fileRef = 04A379922BA8CBAA00A7152D /* Keychain.swift */; };
		04E41C692BA473460095C411 /* WidgetKit.framework in Frameworks */ = {isa = PBXBuildFile; fileRef = 04E41C682BA473460095C411 /* WidgetKit.framework */; };
		04E41C6B2BA473460095C411 /* SwiftUI.framework in Frameworks */ = {isa = PBXBuildFile; fileRef = 04E41C6A2BA473460095C411 /* SwiftUI.framework */; };
		04E41C6E2BA473460095C411 /* WidgetsBundle.swift in Sources */ = {isa = PBXBuildFile; fileRef = 04E41C6D2BA473460095C411 /* WidgetsBundle.swift */; };
		04E41C702BA473460095C411 /* Widgets.swift in Sources */ = {isa = PBXBuildFile; fileRef = 04E41C6F2BA473460095C411 /* Widgets.swift */; };
		04E41C722BA473470095C411 /* Assets.xcassets in Resources */ = {isa = PBXBuildFile; fileRef = 04E41C712BA473470095C411 /* Assets.xcassets */; };
		04E41C762BA473470095C411 /* WidgetsExtension.appex in Embed Foundation Extensions */ = {isa = PBXBuildFile; fileRef = 04E41C662BA473460095C411 /* WidgetsExtension.appex */; settings = {ATTRIBUTES = (RemoveHeadersOnCopy, ); }; };
		04E41C862BA487FC0095C411 /* AnonymousView.swift in Sources */ = {isa = PBXBuildFile; fileRef = 04E41C852BA487FC0095C411 /* AnonymousView.swift */; };
		04E41C882BA4881C0095C411 /* AuthenticatedView.swift in Sources */ = {isa = PBXBuildFile; fileRef = 04E41C872BA4881C0095C411 /* AuthenticatedView.swift */; };
		04E41C8C2BA49B2D0095C411 /* SettingsTab.swift in Sources */ = {isa = PBXBuildFile; fileRef = 04E41C8B2BA49B2D0095C411 /* SettingsTab.swift */; };
		04E41C8E2BA4A6340095C411 /* DataTab.swift in Sources */ = {isa = PBXBuildFile; fileRef = 04E41C8D2BA4A6340095C411 /* DataTab.swift */; };
		04E41CDD2BA571E20095C411 /* WidgetsTab.swift in Sources */ = {isa = PBXBuildFile; fileRef = 04E41CDC2BA571E20095C411 /* WidgetsTab.swift */; };
		04E41D402BA5A05E0095C411 /* Data.swift in Sources */ = {isa = PBXBuildFile; fileRef = 04E41D3F2BA5A05E0095C411 /* Data.swift */; };
		04E41D432BA5B6BE0095C411 /* WatcherFormView.swift in Sources */ = {isa = PBXBuildFile; fileRef = 04E41D422BA5B6BE0095C411 /* WatcherFormView.swift */; };
		04E41D482BA5C3360095C411 /* Auth.swift in Sources */ = {isa = PBXBuildFile; fileRef = 04E41D472BA5C3360095C411 /* Auth.swift */; };
		04E41D662BA5F3540095C411 /* Auth.swift in Sources */ = {isa = PBXBuildFile; fileRef = 04E41D472BA5C3360095C411 /* Auth.swift */; };
		04E41D682BA60FDF0095C411 /* Google.swift in Sources */ = {isa = PBXBuildFile; fileRef = 04E41D672BA60FDF0095C411 /* Google.swift */; };
		04E41D6C2BA6E2FC0095C411 /* CustomPicker.swift in Sources */ = {isa = PBXBuildFile; fileRef = 04E41D6B2BA6E2FC0095C411 /* CustomPicker.swift */; };
		04E41D6E2BA6F3D60095C411 /* SpreadsheetNavigationPicker.swift in Sources */ = {isa = PBXBuildFile; fileRef = 04E41D6D2BA6F3D60095C411 /* SpreadsheetNavigationPicker.swift */; };
		04E41D702BA6FF970095C411 /* PreviewApi.swift in Sources */ = {isa = PBXBuildFile; fileRef = 04E41D6F2BA6FF970095C411 /* PreviewApi.swift */; };
		04E41D722BA7236C0095C411 /* CustomForm.swift in Sources */ = {isa = PBXBuildFile; fileRef = 04E41D712BA7236C0095C411 /* CustomForm.swift */; };
/* End PBXBuildFile section */

/* Begin PBXContainerItemProxy section */
		048DD1302BA8E2600064F663 /* PBXContainerItemProxy */ = {
			isa = PBXContainerItemProxy;
			containerPortal = 04490B122BA465DD009E5034 /* Project object */;
			proxyType = 1;
			remoteGlobalIDString = 048DD1252BA8E21C0064F663;
			remoteInfo = Shared;
		};
		048DD1332BA8E2680064F663 /* PBXContainerItemProxy */ = {
			isa = PBXContainerItemProxy;
			containerPortal = 04490B122BA465DD009E5034 /* Project object */;
			proxyType = 1;
			remoteGlobalIDString = 048DD1252BA8E21C0064F663;
			remoteInfo = Shared;
		};
		04E41C742BA473470095C411 /* PBXContainerItemProxy */ = {
			isa = PBXContainerItemProxy;
			containerPortal = 04490B122BA465DD009E5034 /* Project object */;
			proxyType = 1;
			remoteGlobalIDString = 04E41C652BA473460095C411;
			remoteInfo = WidgetsExtension;
		};
/* End PBXContainerItemProxy section */

/* Begin PBXCopyFilesBuildPhase section */
		048DD1242BA8E21C0064F663 /* CopyFiles */ = {
			isa = PBXCopyFilesBuildPhase;
			buildActionMask = 2147483647;
			dstPath = "include/$(PRODUCT_NAME)";
			dstSubfolderSpec = 16;
			files = (
			);
			runOnlyForDeploymentPostprocessing = 0;
		};
		04E41C772BA473470095C411 /* Embed Foundation Extensions */ = {
			isa = PBXCopyFilesBuildPhase;
			buildActionMask = 2147483647;
			dstPath = "";
			dstSubfolderSpec = 13;
			files = (
				04E41C762BA473470095C411 /* WidgetsExtension.appex in Embed Foundation Extensions */,
			);
			name = "Embed Foundation Extensions";
			runOnlyForDeploymentPostprocessing = 0;
		};
/* End PBXCopyFilesBuildPhase section */

/* Begin PBXFileReference section */
		04490B532BA46AB5009E5034 /* GoogleSheetsWidget.app */ = {isa = PBXFileReference; explicitFileType = wrapper.application; includeInIndex = 0; path = GoogleSheetsWidget.app; sourceTree = BUILT_PRODUCTS_DIR; };
		04490B552BA46AB5009E5034 /* Application.swift */ = {isa = PBXFileReference; lastKnownFileType = sourcecode.swift; path = Application.swift; sourceTree = "<group>"; };
		04490B572BA46AB5009E5034 /* ContentView.swift */ = {isa = PBXFileReference; lastKnownFileType = sourcecode.swift; path = ContentView.swift; sourceTree = "<group>"; };
		04490B592BA46AB7009E5034 /* Assets.xcassets */ = {isa = PBXFileReference; lastKnownFileType = folder.assetcatalog; path = Assets.xcassets; sourceTree = "<group>"; };
		04490B5C2BA46AB7009E5034 /* Preview Assets.xcassets */ = {isa = PBXFileReference; lastKnownFileType = folder.assetcatalog; path = "Preview Assets.xcassets"; sourceTree = "<group>"; };
		048DD1262BA8E21C0064F663 /* libShared.a */ = {isa = PBXFileReference; explicitFileType = archive.ar; includeInIndex = 0; path = libShared.a; sourceTree = BUILT_PRODUCTS_DIR; };
		048DD12D2BA8E22A0064F663 /* URL.swift */ = {isa = PBXFileReference; lastKnownFileType = sourcecode.swift; path = URL.swift; sourceTree = "<group>"; };
		048DD1362BA8E3300064F663 /* URLSession.swift */ = {isa = PBXFileReference; lastKnownFileType = sourcecode.swift; path = URLSession.swift; sourceTree = "<group>"; };
		048DD1382BA8E34C0064F663 /* URLRequest.swift */ = {isa = PBXFileReference; lastKnownFileType = sourcecode.swift; path = URLRequest.swift; sourceTree = "<group>"; };
		048DD13B2BA8E38F0064F663 /* DebouncedState.swift */ = {isa = PBXFileReference; lastKnownFileType = sourcecode.swift; path = DebouncedState.swift; sourceTree = "<group>"; };
		048FB4B42BA760060062EE05 /* DismissableNavigationLink.swift */ = {isa = PBXFileReference; lastKnownFileType = sourcecode.swift; path = DismissableNavigationLink.swift; sourceTree = "<group>"; };
		04A379922BA8CBAA00A7152D /* Keychain.swift */ = {isa = PBXFileReference; lastKnownFileType = sourcecode.swift; path = Keychain.swift; sourceTree = "<group>"; };
		04E41C662BA473460095C411 /* WidgetsExtension.appex */ = {isa = PBXFileReference; explicitFileType = "wrapper.app-extension"; includeInIndex = 0; path = WidgetsExtension.appex; sourceTree = BUILT_PRODUCTS_DIR; };
		04E41C682BA473460095C411 /* WidgetKit.framework */ = {isa = PBXFileReference; lastKnownFileType = wrapper.framework; name = WidgetKit.framework; path = System/Library/Frameworks/WidgetKit.framework; sourceTree = SDKROOT; };
		04E41C6A2BA473460095C411 /* SwiftUI.framework */ = {isa = PBXFileReference; lastKnownFileType = wrapper.framework; name = SwiftUI.framework; path = System/Library/Frameworks/SwiftUI.framework; sourceTree = SDKROOT; };
		04E41C6D2BA473460095C411 /* WidgetsBundle.swift */ = {isa = PBXFileReference; lastKnownFileType = sourcecode.swift; path = WidgetsBundle.swift; sourceTree = "<group>"; };
		04E41C6F2BA473460095C411 /* Widgets.swift */ = {isa = PBXFileReference; lastKnownFileType = sourcecode.swift; path = Widgets.swift; sourceTree = "<group>"; };
		04E41C712BA473470095C411 /* Assets.xcassets */ = {isa = PBXFileReference; lastKnownFileType = folder.assetcatalog; path = Assets.xcassets; sourceTree = "<group>"; };
		04E41C732BA473470095C411 /* Info.plist */ = {isa = PBXFileReference; lastKnownFileType = text.plist.xml; path = Info.plist; sourceTree = "<group>"; };
		04E41C7D2BA476850095C411 /* Entitlements.entitlements */ = {isa = PBXFileReference; lastKnownFileType = text.plist.entitlements; path = Entitlements.entitlements; sourceTree = "<group>"; };
		04E41C7E2BA476B20095C411 /* Entitlements.entitlements */ = {isa = PBXFileReference; lastKnownFileType = text.plist.entitlements; path = Entitlements.entitlements; sourceTree = "<group>"; };
		04E41C852BA487FC0095C411 /* AnonymousView.swift */ = {isa = PBXFileReference; lastKnownFileType = sourcecode.swift; path = AnonymousView.swift; sourceTree = "<group>"; };
		04E41C872BA4881C0095C411 /* AuthenticatedView.swift */ = {isa = PBXFileReference; lastKnownFileType = sourcecode.swift; path = AuthenticatedView.swift; sourceTree = "<group>"; };
		04E41C892BA48C750095C411 /* Info.plist */ = {isa = PBXFileReference; lastKnownFileType = text.plist; path = Info.plist; sourceTree = "<group>"; };
		04E41C8B2BA49B2D0095C411 /* SettingsTab.swift */ = {isa = PBXFileReference; lastKnownFileType = sourcecode.swift; path = SettingsTab.swift; sourceTree = "<group>"; };
		04E41C8D2BA4A6340095C411 /* DataTab.swift */ = {isa = PBXFileReference; lastKnownFileType = sourcecode.swift; path = DataTab.swift; sourceTree = "<group>"; };
		04E41CDC2BA571E20095C411 /* WidgetsTab.swift */ = {isa = PBXFileReference; lastKnownFileType = sourcecode.swift; path = WidgetsTab.swift; sourceTree = "<group>"; };
		04E41D3F2BA5A05E0095C411 /* Data.swift */ = {isa = PBXFileReference; lastKnownFileType = sourcecode.swift; path = Data.swift; sourceTree = "<group>"; };
		04E41D422BA5B6BE0095C411 /* WatcherFormView.swift */ = {isa = PBXFileReference; lastKnownFileType = sourcecode.swift; path = WatcherFormView.swift; sourceTree = "<group>"; };
		04E41D472BA5C3360095C411 /* Auth.swift */ = {isa = PBXFileReference; lastKnownFileType = sourcecode.swift; path = Auth.swift; sourceTree = "<group>"; };
		04E41D672BA60FDF0095C411 /* Google.swift */ = {isa = PBXFileReference; lastKnownFileType = sourcecode.swift; path = Google.swift; sourceTree = "<group>"; };
		04E41D692BA6D1EA0095C411 /* README.md */ = {isa = PBXFileReference; lastKnownFileType = net.daringfireball.markdown; path = README.md; sourceTree = "<group>"; };
		04E41D6B2BA6E2FC0095C411 /* CustomPicker.swift */ = {isa = PBXFileReference; lastKnownFileType = sourcecode.swift; path = CustomPicker.swift; sourceTree = "<group>"; };
		04E41D6D2BA6F3D60095C411 /* SpreadsheetNavigationPicker.swift */ = {isa = PBXFileReference; lastKnownFileType = sourcecode.swift; path = SpreadsheetNavigationPicker.swift; sourceTree = "<group>"; };
		04E41D6F2BA6FF970095C411 /* PreviewApi.swift */ = {isa = PBXFileReference; lastKnownFileType = sourcecode.swift; path = PreviewApi.swift; sourceTree = "<group>"; };
		04E41D712BA7236C0095C411 /* CustomForm.swift */ = {isa = PBXFileReference; lastKnownFileType = sourcecode.swift; path = CustomForm.swift; sourceTree = "<group>"; };
/* End PBXFileReference section */

/* Begin PBXFrameworksBuildPhase section */
		04490B502BA46AB5009E5034 /* Frameworks */ = {
			isa = PBXFrameworksBuildPhase;
			buildActionMask = 2147483647;
			files = (
				048DD12F2BA8E2600064F663 /* libShared.a in Frameworks */,
			);
			runOnlyForDeploymentPostprocessing = 0;
		};
		048DD1232BA8E21C0064F663 /* Frameworks */ = {
			isa = PBXFrameworksBuildPhase;
			buildActionMask = 2147483647;
			files = (
			);
			runOnlyForDeploymentPostprocessing = 0;
		};
		04E41C632BA473460095C411 /* Frameworks */ = {
			isa = PBXFrameworksBuildPhase;
			buildActionMask = 2147483647;
			files = (
				04E41C6B2BA473460095C411 /* SwiftUI.framework in Frameworks */,
				04E41C692BA473460095C411 /* WidgetKit.framework in Frameworks */,
				048DD1322BA8E2680064F663 /* libShared.a in Frameworks */,
			);
			runOnlyForDeploymentPostprocessing = 0;
		};
/* End PBXFrameworksBuildPhase section */

/* Begin PBXGroup section */
		04490B112BA465DD009E5034 = {
			isa = PBXGroup;
			children = (
				04E41D692BA6D1EA0095C411 /* README.md */,
				04490B542BA46AB5009E5034 /* GoogleSheetsWidget */,
				04E41C6C2BA473460095C411 /* Widgets */,
				048DD1272BA8E21C0064F663 /* Shared */,
				04E41C672BA473460095C411 /* Frameworks */,
				04490B1B2BA465DD009E5034 /* Products */,
			);
			sourceTree = "<group>";
		};
		04490B1B2BA465DD009E5034 /* Products */ = {
			isa = PBXGroup;
			children = (
				04490B532BA46AB5009E5034 /* GoogleSheetsWidget.app */,
				04E41C662BA473460095C411 /* WidgetsExtension.appex */,
				048DD1262BA8E21C0064F663 /* libShared.a */,
			);
			name = Products;
			sourceTree = "<group>";
		};
		04490B542BA46AB5009E5034 /* GoogleSheetsWidget */ = {
			isa = PBXGroup;
			children = (
				04490B552BA46AB5009E5034 /* Application.swift */,
				04490B592BA46AB7009E5034 /* Assets.xcassets */,
				04E41D472BA5C3360095C411 /* Auth.swift */,
				04A379922BA8CBAA00A7152D /* Keychain.swift */,
				04E41C7D2BA476850095C411 /* Entitlements.entitlements */,
				04E41D672BA60FDF0095C411 /* Google.swift */,
				04E41C892BA48C750095C411 /* Info.plist */,
				04E41D3E2BA5A0320095C411 /* Models */,
				04E41D6A2BA6E2EB0095C411 /* Playgrounds */,
				04490B5B2BA46AB7009E5034 /* Preview Content */,
				04E41C7F2BA47B7C0095C411 /* Views */,
			);
			path = GoogleSheetsWidget;
			sourceTree = "<group>";
		};
		04490B5B2BA46AB7009E5034 /* Preview Content */ = {
			isa = PBXGroup;
			children = (
				04490B5C2BA46AB7009E5034 /* Preview Assets.xcassets */,
			);
			path = "Preview Content";
			sourceTree = "<group>";
		};
		048DD1272BA8E21C0064F663 /* Shared */ = {
			isa = PBXGroup;
			children = (
				048DD13A2BA8E3800064F663 /* Utils */,
				048DD1352BA8E2BF0064F663 /* Extensions */,
			);
			path = Shared;
			sourceTree = "<group>";
		};
		048DD1352BA8E2BF0064F663 /* Extensions */ = {
			isa = PBXGroup;
			children = (
				048DD12D2BA8E22A0064F663 /* URL.swift */,
				048DD1362BA8E3300064F663 /* URLSession.swift */,
				048DD1382BA8E34C0064F663 /* URLRequest.swift */,
			);
			path = Extensions;
			sourceTree = "<group>";
		};
		048DD13A2BA8E3800064F663 /* Utils */ = {
			isa = PBXGroup;
			children = (
				048DD13B2BA8E38F0064F663 /* DebouncedState.swift */,
			);
			path = Utils;
			sourceTree = "<group>";
		};
		04E41C672BA473460095C411 /* Frameworks */ = {
			isa = PBXGroup;
			children = (
				04E41C682BA473460095C411 /* WidgetKit.framework */,
				04E41C6A2BA473460095C411 /* SwiftUI.framework */,
			);
			name = Frameworks;
			sourceTree = "<group>";
		};
		04E41C6C2BA473460095C411 /* Widgets */ = {
			isa = PBXGroup;
			children = (
				04E41C7E2BA476B20095C411 /* Entitlements.entitlements */,
				04E41C6F2BA473460095C411 /* Widgets.swift */,
				04E41C6D2BA473460095C411 /* WidgetsBundle.swift */,
				04E41C712BA473470095C411 /* Assets.xcassets */,
				04E41C732BA473470095C411 /* Info.plist */,
			);
			path = Widgets;
			sourceTree = "<group>";
		};
		04E41C7F2BA47B7C0095C411 /* Views */ = {
			isa = PBXGroup;
			children = (
				04E41C8A2BA49B1F0095C411 /* Authenticated */,
				04490B572BA46AB5009E5034 /* ContentView.swift */,
				04E41C852BA487FC0095C411 /* AnonymousView.swift */,
				04E41C872BA4881C0095C411 /* AuthenticatedView.swift */,
			);
			path = Views;
			sourceTree = "<group>";
		};
		04E41C8A2BA49B1F0095C411 /* Authenticated */ = {
			isa = PBXGroup;
			children = (
				04E41C8D2BA4A6340095C411 /* DataTab.swift */,
				04E41C8B2BA49B2D0095C411 /* SettingsTab.swift */,
				04E41D422BA5B6BE0095C411 /* WatcherFormView.swift */,
				04E41CDC2BA571E20095C411 /* WidgetsTab.swift */,
			);
			path = Authenticated;
			sourceTree = "<group>";
		};
		04E41D3E2BA5A0320095C411 /* Models */ = {
			isa = PBXGroup;
			children = (
				04E41D3F2BA5A05E0095C411 /* Data.swift */,
			);
			path = Models;
			sourceTree = "<group>";
		};
		04E41D6A2BA6E2EB0095C411 /* Playgrounds */ = {
			isa = PBXGroup;
			children = (
				04E41D6B2BA6E2FC0095C411 /* CustomPicker.swift */,
				04E41D6D2BA6F3D60095C411 /* SpreadsheetNavigationPicker.swift */,
				04E41D6F2BA6FF970095C411 /* PreviewApi.swift */,
				04E41D712BA7236C0095C411 /* CustomForm.swift */,
				048FB4B42BA760060062EE05 /* DismissableNavigationLink.swift */,
			);
			path = Playgrounds;
			sourceTree = "<group>";
		};
/* End PBXGroup section */

/* Begin PBXNativeTarget section */
		04490B522BA46AB5009E5034 /* GoogleSheetsWidget */ = {
			isa = PBXNativeTarget;
			buildConfigurationList = 04490B5E2BA46AB7009E5034 /* Build configuration list for PBXNativeTarget "GoogleSheetsWidget" */;
			buildPhases = (
				04490B4F2BA46AB5009E5034 /* Sources */,
				04490B502BA46AB5009E5034 /* Frameworks */,
				04490B512BA46AB5009E5034 /* Resources */,
				04E41C772BA473470095C411 /* Embed Foundation Extensions */,
			);
			buildRules = (
			);
			dependencies = (
				04E41C752BA473470095C411 /* PBXTargetDependency */,
				048DD1312BA8E2600064F663 /* PBXTargetDependency */,
			);
			name = GoogleSheetsWidget;
			productName = GoogleSheetsWidget;
			productReference = 04490B532BA46AB5009E5034 /* GoogleSheetsWidget.app */;
			productType = "com.apple.product-type.application";
		};
		048DD1252BA8E21C0064F663 /* Shared */ = {
			isa = PBXNativeTarget;
			buildConfigurationList = 048DD12A2BA8E21C0064F663 /* Build configuration list for PBXNativeTarget "Shared" */;
			buildPhases = (
				048DD1222BA8E21C0064F663 /* Sources */,
				048DD1232BA8E21C0064F663 /* Frameworks */,
				048DD1242BA8E21C0064F663 /* CopyFiles */,
			);
			buildRules = (
			);
			dependencies = (
			);
			name = Shared;
			productName = Shared;
			productReference = 048DD1262BA8E21C0064F663 /* libShared.a */;
			productType = "com.apple.product-type.library.static";
		};
		04E41C652BA473460095C411 /* WidgetsExtension */ = {
			isa = PBXNativeTarget;
			buildConfigurationList = 04E41C7A2BA473470095C411 /* Build configuration list for PBXNativeTarget "WidgetsExtension" */;
			buildPhases = (
				04E41C622BA473460095C411 /* Sources */,
				04E41C632BA473460095C411 /* Frameworks */,
				04E41C642BA473460095C411 /* Resources */,
			);
			buildRules = (
			);
			dependencies = (
				048DD1342BA8E2680064F663 /* PBXTargetDependency */,
			);
			name = WidgetsExtension;
			productName = WidgetsExtension;
			productReference = 04E41C662BA473460095C411 /* WidgetsExtension.appex */;
			productType = "com.apple.product-type.app-extension";
		};
/* End PBXNativeTarget section */

/* Begin PBXProject section */
		04490B122BA465DD009E5034 /* Project object */ = {
			isa = PBXProject;
			attributes = {
				BuildIndependentTargetsInParallel = 1;
				LastSwiftUpdateCheck = 1530;
				LastUpgradeCheck = 1530;
				TargetAttributes = {
					04490B522BA46AB5009E5034 = {
						CreatedOnToolsVersion = 15.3;
					};
					048DD1252BA8E21C0064F663 = {
						CreatedOnToolsVersion = 15.3;
					};
					04E41C652BA473460095C411 = {
						CreatedOnToolsVersion = 15.3;
					};
				};
			};
			buildConfigurationList = 04490B152BA465DD009E5034 /* Build configuration list for PBXProject "GoogleSheetsWidget" */;
			compatibilityVersion = "Xcode 14.0";
			developmentRegion = en;
			hasScannedForEncodings = 0;
			knownRegions = (
				en,
				Base,
			);
			mainGroup = 04490B112BA465DD009E5034;
			productRefGroup = 04490B1B2BA465DD009E5034 /* Products */;
			projectDirPath = "";
			projectRoot = "";
			targets = (
				04490B522BA46AB5009E5034 /* GoogleSheetsWidget */,
				04E41C652BA473460095C411 /* WidgetsExtension */,
				048DD1252BA8E21C0064F663 /* Shared */,
			);
		};
/* End PBXProject section */

/* Begin PBXResourcesBuildPhase section */
		04490B512BA46AB5009E5034 /* Resources */ = {
			isa = PBXResourcesBuildPhase;
			buildActionMask = 2147483647;
			files = (
				04490B5D2BA46AB7009E5034 /* Preview Assets.xcassets in Resources */,
				04490B5A2BA46AB7009E5034 /* Assets.xcassets in Resources */,
			);
			runOnlyForDeploymentPostprocessing = 0;
		};
		04E41C642BA473460095C411 /* Resources */ = {
			isa = PBXResourcesBuildPhase;
			buildActionMask = 2147483647;
			files = (
				04E41C722BA473470095C411 /* Assets.xcassets in Resources */,
			);
			runOnlyForDeploymentPostprocessing = 0;
		};
/* End PBXResourcesBuildPhase section */

/* Begin PBXSourcesBuildPhase section */
		04490B4F2BA46AB5009E5034 /* Sources */ = {
			isa = PBXSourcesBuildPhase;
			buildActionMask = 2147483647;
			files = (
				04490B582BA46AB5009E5034 /* ContentView.swift in Sources */,
				04E41CDD2BA571E20095C411 /* WidgetsTab.swift in Sources */,
				04E41C882BA4881C0095C411 /* AuthenticatedView.swift in Sources */,
				04E41D6E2BA6F3D60095C411 /* SpreadsheetNavigationPicker.swift in Sources */,
				04E41D6C2BA6E2FC0095C411 /* CustomPicker.swift in Sources */,
				04E41D702BA6FF970095C411 /* PreviewApi.swift in Sources */,
				04E41D682BA60FDF0095C411 /* Google.swift in Sources */,
				04E41C8C2BA49B2D0095C411 /* SettingsTab.swift in Sources */,
				048FB4B52BA760060062EE05 /* DismissableNavigationLink.swift in Sources */,
				04E41D402BA5A05E0095C411 /* Data.swift in Sources */,
				04E41C8E2BA4A6340095C411 /* DataTab.swift in Sources */,
				04E41D432BA5B6BE0095C411 /* WatcherFormView.swift in Sources */,
				04E41D482BA5C3360095C411 /* Auth.swift in Sources */,
				04E41C862BA487FC0095C411 /* AnonymousView.swift in Sources */,
				04490B562BA46AB5009E5034 /* Application.swift in Sources */,
				04E41D722BA7236C0095C411 /* CustomForm.swift in Sources */,
				04A379932BA8CBAA00A7152D /* Keychain.swift in Sources */,
			);
			runOnlyForDeploymentPostprocessing = 0;
		};
		048DD1222BA8E21C0064F663 /* Sources */ = {
			isa = PBXSourcesBuildPhase;
			buildActionMask = 2147483647;
			files = (
				048DD12E2BA8E22A0064F663 /* URL.swift in Sources */,
				048DD13C2BA8E38F0064F663 /* DebouncedState.swift in Sources */,
				048DD1372BA8E3300064F663 /* URLSession.swift in Sources */,
				048DD1392BA8E34C0064F663 /* URLRequest.swift in Sources */,
			);
			runOnlyForDeploymentPostprocessing = 0;
		};
		04E41C622BA473460095C411 /* Sources */ = {
			isa = PBXSourcesBuildPhase;
			buildActionMask = 2147483647;
			files = (
				04E41C6E2BA473460095C411 /* WidgetsBundle.swift in Sources */,
				048DD0EC2BA8DAD60064F663 /* Keychain.swift in Sources */,
				04E41C702BA473460095C411 /* Widgets.swift in Sources */,
				04E41D662BA5F3540095C411 /* Auth.swift in Sources */,
			);
			runOnlyForDeploymentPostprocessing = 0;
		};
/* End PBXSourcesBuildPhase section */

/* Begin PBXTargetDependency section */
		048DD1312BA8E2600064F663 /* PBXTargetDependency */ = {
			isa = PBXTargetDependency;
			target = 048DD1252BA8E21C0064F663 /* Shared */;
			targetProxy = 048DD1302BA8E2600064F663 /* PBXContainerItemProxy */;
		};
		048DD1342BA8E2680064F663 /* PBXTargetDependency */ = {
			isa = PBXTargetDependency;
			target = 048DD1252BA8E21C0064F663 /* Shared */;
			targetProxy = 048DD1332BA8E2680064F663 /* PBXContainerItemProxy */;
		};
		04E41C752BA473470095C411 /* PBXTargetDependency */ = {
			isa = PBXTargetDependency;
			target = 04E41C652BA473460095C411 /* WidgetsExtension */;
			targetProxy = 04E41C742BA473470095C411 /* PBXContainerItemProxy */;
		};
/* End PBXTargetDependency section */

/* Begin XCBuildConfiguration section */
		04490B262BA465DF009E5034 /* Debug */ = {
			isa = XCBuildConfiguration;
			buildSettings = {
				ALWAYS_SEARCH_USER_PATHS = NO;
				ASSETCATALOG_COMPILER_GENERATE_SWIFT_ASSET_SYMBOL_EXTENSIONS = YES;
				CLANG_ANALYZER_NONNULL = YES;
				CLANG_ANALYZER_NUMBER_OBJECT_CONVERSION = YES_AGGRESSIVE;
				CLANG_CXX_LANGUAGE_STANDARD = "gnu++20";
				CLANG_ENABLE_MODULES = YES;
				CLANG_ENABLE_OBJC_ARC = YES;
				CLANG_ENABLE_OBJC_WEAK = YES;
				CLANG_WARN_BLOCK_CAPTURE_AUTORELEASING = YES;
				CLANG_WARN_BOOL_CONVERSION = YES;
				CLANG_WARN_COMMA = YES;
				CLANG_WARN_CONSTANT_CONVERSION = YES;
				CLANG_WARN_DEPRECATED_OBJC_IMPLEMENTATIONS = YES;
				CLANG_WARN_DIRECT_OBJC_ISA_USAGE = YES_ERROR;
				CLANG_WARN_DOCUMENTATION_COMMENTS = YES;
				CLANG_WARN_EMPTY_BODY = YES;
				CLANG_WARN_ENUM_CONVERSION = YES;
				CLANG_WARN_INFINITE_RECURSION = YES;
				CLANG_WARN_INT_CONVERSION = YES;
				CLANG_WARN_NON_LITERAL_NULL_CONVERSION = YES;
				CLANG_WARN_OBJC_IMPLICIT_RETAIN_SELF = YES;
				CLANG_WARN_OBJC_LITERAL_CONVERSION = YES;
				CLANG_WARN_OBJC_ROOT_CLASS = YES_ERROR;
				CLANG_WARN_QUOTED_INCLUDE_IN_FRAMEWORK_HEADER = YES;
				CLANG_WARN_RANGE_LOOP_ANALYSIS = YES;
				CLANG_WARN_STRICT_PROTOTYPES = YES;
				CLANG_WARN_SUSPICIOUS_MOVE = YES;
				CLANG_WARN_UNGUARDED_AVAILABILITY = YES_AGGRESSIVE;
				CLANG_WARN_UNREACHABLE_CODE = YES;
				CLANG_WARN__DUPLICATE_METHOD_MATCH = YES;
				COPY_PHASE_STRIP = NO;
				DEBUG_INFORMATION_FORMAT = dwarf;
				ENABLE_STRICT_OBJC_MSGSEND = YES;
				ENABLE_TESTABILITY = YES;
				ENABLE_USER_SCRIPT_SANDBOXING = YES;
				GCC_C_LANGUAGE_STANDARD = gnu17;
				GCC_DYNAMIC_NO_PIC = NO;
				GCC_NO_COMMON_BLOCKS = YES;
				GCC_OPTIMIZATION_LEVEL = 0;
				GCC_PREPROCESSOR_DEFINITIONS = (
					"DEBUG=1",
					"$(inherited)",
				);
				GCC_WARN_64_TO_32_BIT_CONVERSION = YES;
				GCC_WARN_ABOUT_RETURN_TYPE = YES_ERROR;
				GCC_WARN_UNDECLARED_SELECTOR = YES;
				GCC_WARN_UNINITIALIZED_AUTOS = YES_AGGRESSIVE;
				GCC_WARN_UNUSED_FUNCTION = YES;
				GCC_WARN_UNUSED_VARIABLE = YES;
				IPHONEOS_DEPLOYMENT_TARGET = 17.4;
				LOCALIZATION_PREFERS_STRING_CATALOGS = YES;
				MTL_ENABLE_DEBUG_INFO = INCLUDE_SOURCE;
				MTL_FAST_MATH = YES;
				ONLY_ACTIVE_ARCH = YES;
				SDKROOT = iphoneos;
				SWIFT_ACTIVE_COMPILATION_CONDITIONS = "DEBUG $(inherited)";
				SWIFT_COMPILATION_MODE = singlefile;
				SWIFT_OPTIMIZATION_LEVEL = "-Onone";
			};
			name = Debug;
		};
		04490B272BA465DF009E5034 /* Release */ = {
			isa = XCBuildConfiguration;
			buildSettings = {
				ALWAYS_SEARCH_USER_PATHS = NO;
				ASSETCATALOG_COMPILER_GENERATE_SWIFT_ASSET_SYMBOL_EXTENSIONS = YES;
				CLANG_ANALYZER_NONNULL = YES;
				CLANG_ANALYZER_NUMBER_OBJECT_CONVERSION = YES_AGGRESSIVE;
				CLANG_CXX_LANGUAGE_STANDARD = "gnu++20";
				CLANG_ENABLE_MODULES = YES;
				CLANG_ENABLE_OBJC_ARC = YES;
				CLANG_ENABLE_OBJC_WEAK = YES;
				CLANG_WARN_BLOCK_CAPTURE_AUTORELEASING = YES;
				CLANG_WARN_BOOL_CONVERSION = YES;
				CLANG_WARN_COMMA = YES;
				CLANG_WARN_CONSTANT_CONVERSION = YES;
				CLANG_WARN_DEPRECATED_OBJC_IMPLEMENTATIONS = YES;
				CLANG_WARN_DIRECT_OBJC_ISA_USAGE = YES_ERROR;
				CLANG_WARN_DOCUMENTATION_COMMENTS = YES;
				CLANG_WARN_EMPTY_BODY = YES;
				CLANG_WARN_ENUM_CONVERSION = YES;
				CLANG_WARN_INFINITE_RECURSION = YES;
				CLANG_WARN_INT_CONVERSION = YES;
				CLANG_WARN_NON_LITERAL_NULL_CONVERSION = YES;
				CLANG_WARN_OBJC_IMPLICIT_RETAIN_SELF = YES;
				CLANG_WARN_OBJC_LITERAL_CONVERSION = YES;
				CLANG_WARN_OBJC_ROOT_CLASS = YES_ERROR;
				CLANG_WARN_QUOTED_INCLUDE_IN_FRAMEWORK_HEADER = YES;
				CLANG_WARN_RANGE_LOOP_ANALYSIS = YES;
				CLANG_WARN_STRICT_PROTOTYPES = YES;
				CLANG_WARN_SUSPICIOUS_MOVE = YES;
				CLANG_WARN_UNGUARDED_AVAILABILITY = YES_AGGRESSIVE;
				CLANG_WARN_UNREACHABLE_CODE = YES;
				CLANG_WARN__DUPLICATE_METHOD_MATCH = YES;
				COPY_PHASE_STRIP = NO;
				DEBUG_INFORMATION_FORMAT = "dwarf-with-dsym";
				ENABLE_NS_ASSERTIONS = NO;
				ENABLE_STRICT_OBJC_MSGSEND = YES;
				ENABLE_USER_SCRIPT_SANDBOXING = YES;
				GCC_C_LANGUAGE_STANDARD = gnu17;
				GCC_NO_COMMON_BLOCKS = YES;
				GCC_WARN_64_TO_32_BIT_CONVERSION = YES;
				GCC_WARN_ABOUT_RETURN_TYPE = YES_ERROR;
				GCC_WARN_UNDECLARED_SELECTOR = YES;
				GCC_WARN_UNINITIALIZED_AUTOS = YES_AGGRESSIVE;
				GCC_WARN_UNUSED_FUNCTION = YES;
				GCC_WARN_UNUSED_VARIABLE = YES;
				IPHONEOS_DEPLOYMENT_TARGET = 17.4;
				LOCALIZATION_PREFERS_STRING_CATALOGS = YES;
				MTL_ENABLE_DEBUG_INFO = NO;
				MTL_FAST_MATH = YES;
				SDKROOT = iphoneos;
				SWIFT_COMPILATION_MODE = wholemodule;
				VALIDATE_PRODUCT = YES;
			};
			name = Release;
		};
		04490B5F2BA46AB7009E5034 /* Debug */ = {
			isa = XCBuildConfiguration;
			buildSettings = {
				ALWAYS_EMBED_SWIFT_STANDARD_LIBRARIES = YES;
				ASSETCATALOG_COMPILER_APPICON_NAME = AppIcon;
				ASSETCATALOG_COMPILER_GLOBAL_ACCENT_COLOR_NAME = AccentColor;
				CODE_SIGN_ENTITLEMENTS = GoogleSheetsWidget/Entitlements.entitlements;
				CODE_SIGN_STYLE = Automatic;
				CURRENT_PROJECT_VERSION = 1;
				DEVELOPMENT_ASSET_PATHS = "\"GoogleSheetsWidget/Preview Content\"";
				DEVELOPMENT_TEAM = J7ZQRKLMXS;
				ENABLE_PREVIEWS = YES;
				GENERATE_INFOPLIST_FILE = YES;
				INFOPLIST_FILE = GoogleSheetsWidget/Info.plist;
				INFOPLIST_KEY_CFBundleDisplayName = "Google Sheets Widget";
				INFOPLIST_KEY_LSApplicationCategoryType = "public.app-category.utilities";
				INFOPLIST_KEY_UIApplicationSceneManifest_Generation = YES;
				INFOPLIST_KEY_UIApplicationSupportsIndirectInputEvents = YES;
				INFOPLIST_KEY_UILaunchScreen_Generation = YES;
				INFOPLIST_KEY_UISupportedInterfaceOrientations = UIInterfaceOrientationPortrait;
				INFOPLIST_KEY_UISupportedInterfaceOrientations_iPad = "UIInterfaceOrientationLandscapeLeft UIInterfaceOrientationLandscapeRight UIInterfaceOrientationPortrait UIInterfaceOrientationPortraitUpsideDown";
				LD_RUNPATH_SEARCH_PATHS = (
					"$(inherited)",
					"@executable_path/Frameworks",
				);
				MARKETING_VERSION = 1.0;
				PRODUCT_BUNDLE_IDENTIFIER = "ua.org.mac-blog.GoogleSheetsWidget";
				PRODUCT_NAME = "$(TARGET_NAME)";
				SUPPORTED_PLATFORMS = "iphoneos iphonesimulator";
				SUPPORTS_MACCATALYST = NO;
				SUPPORTS_MAC_DESIGNED_FOR_IPHONE_IPAD = NO;
				SUPPORTS_XR_DESIGNED_FOR_IPHONE_IPAD = NO;
				SWIFT_EMIT_LOC_STRINGS = YES;
				SWIFT_VERSION = 5.0;
				TARGETED_DEVICE_FAMILY = 1;
			};
			name = Debug;
		};
		04490B602BA46AB7009E5034 /* Release */ = {
			isa = XCBuildConfiguration;
			buildSettings = {
				ALWAYS_EMBED_SWIFT_STANDARD_LIBRARIES = YES;
				ASSETCATALOG_COMPILER_APPICON_NAME = AppIcon;
				ASSETCATALOG_COMPILER_GLOBAL_ACCENT_COLOR_NAME = AccentColor;
				CODE_SIGN_ENTITLEMENTS = GoogleSheetsWidget/Entitlements.entitlements;
				CODE_SIGN_STYLE = Automatic;
				CURRENT_PROJECT_VERSION = 1;
				DEVELOPMENT_ASSET_PATHS = "\"GoogleSheetsWidget/Preview Content\"";
				DEVELOPMENT_TEAM = J7ZQRKLMXS;
				ENABLE_PREVIEWS = YES;
				GENERATE_INFOPLIST_FILE = YES;
				INFOPLIST_FILE = GoogleSheetsWidget/Info.plist;
				INFOPLIST_KEY_CFBundleDisplayName = "Google Sheets Widget";
				INFOPLIST_KEY_LSApplicationCategoryType = "public.app-category.utilities";
				INFOPLIST_KEY_UIApplicationSceneManifest_Generation = YES;
				INFOPLIST_KEY_UIApplicationSupportsIndirectInputEvents = YES;
				INFOPLIST_KEY_UILaunchScreen_Generation = YES;
				INFOPLIST_KEY_UISupportedInterfaceOrientations = UIInterfaceOrientationPortrait;
				INFOPLIST_KEY_UISupportedInterfaceOrientations_iPad = "UIInterfaceOrientationLandscapeLeft UIInterfaceOrientationLandscapeRight UIInterfaceOrientationPortrait UIInterfaceOrientationPortraitUpsideDown";
				LD_RUNPATH_SEARCH_PATHS = (
					"$(inherited)",
					"@executable_path/Frameworks",
				);
				MARKETING_VERSION = 1.0;
				PRODUCT_BUNDLE_IDENTIFIER = "ua.org.mac-blog.GoogleSheetsWidget";
				PRODUCT_NAME = "$(TARGET_NAME)";
				SUPPORTED_PLATFORMS = "iphoneos iphonesimulator";
				SUPPORTS_MACCATALYST = NO;
				SUPPORTS_MAC_DESIGNED_FOR_IPHONE_IPAD = NO;
				SUPPORTS_XR_DESIGNED_FOR_IPHONE_IPAD = NO;
				SWIFT_EMIT_LOC_STRINGS = YES;
				SWIFT_VERSION = 5.0;
				TARGETED_DEVICE_FAMILY = 1;
			};
			name = Release;
		};
		048DD12B2BA8E21C0064F663 /* Debug */ = {
			isa = XCBuildConfiguration;
			buildSettings = {
				CODE_SIGN_STYLE = Automatic;
				DEVELOPMENT_TEAM = J7ZQRKLMXS;
				OTHER_LDFLAGS = "-ObjC";
				PRODUCT_NAME = "$(TARGET_NAME)";
				SKIP_INSTALL = YES;
				SWIFT_VERSION = 5.0;
				TARGETED_DEVICE_FAMILY = "1,2";
			};
			name = Debug;
		};
		048DD12C2BA8E21C0064F663 /* Release */ = {
			isa = XCBuildConfiguration;
			buildSettings = {
				CODE_SIGN_STYLE = Automatic;
				DEVELOPMENT_TEAM = J7ZQRKLMXS;
				OTHER_LDFLAGS = "-ObjC";
				PRODUCT_NAME = "$(TARGET_NAME)";
				SKIP_INSTALL = YES;
				SWIFT_VERSION = 5.0;
				TARGETED_DEVICE_FAMILY = "1,2";
			};
			name = Release;
		};
		04E41C782BA473470095C411 /* Debug */ = {
			isa = XCBuildConfiguration;
			buildSettings = {
				ASSETCATALOG_COMPILER_GLOBAL_ACCENT_COLOR_NAME = AccentColor;
				ASSETCATALOG_COMPILER_WIDGET_BACKGROUND_COLOR_NAME = WidgetBackground;
				CODE_SIGN_ENTITLEMENTS = Widgets/Entitlements.entitlements;
				CODE_SIGN_STYLE = Automatic;
				CURRENT_PROJECT_VERSION = 1;
				DEVELOPMENT_TEAM = J7ZQRKLMXS;
				GENERATE_INFOPLIST_FILE = YES;
				INFOPLIST_FILE = Widgets/Info.plist;
				INFOPLIST_KEY_CFBundleDisplayName = Widgets;
				INFOPLIST_KEY_NSHumanReadableCopyright = "";
				LD_RUNPATH_SEARCH_PATHS = (
					"$(inherited)",
					"@executable_path/Frameworks",
					"@executable_path/../../Frameworks",
				);
				MARKETING_VERSION = 1.0;
				PRODUCT_BUNDLE_IDENTIFIER = "ua.org.mac-blog.GoogleSheetsWidget.Widgets";
				PRODUCT_NAME = "$(TARGET_NAME)";
				SKIP_INSTALL = YES;
				SUPPORTED_PLATFORMS = "iphoneos iphonesimulator";
				SUPPORTS_MACCATALYST = NO;
				SUPPORTS_MAC_DESIGNED_FOR_IPHONE_IPAD = NO;
				SUPPORTS_XR_DESIGNED_FOR_IPHONE_IPAD = NO;
				SWIFT_EMIT_LOC_STRINGS = YES;
				SWIFT_VERSION = 5.0;
				TARGETED_DEVICE_FAMILY = 1;
			};
			name = Debug;
		};
		04E41C792BA473470095C411 /* Release */ = {
			isa = XCBuildConfiguration;
			buildSettings = {
				ASSETCATALOG_COMPILER_GLOBAL_ACCENT_COLOR_NAME = AccentColor;
				ASSETCATALOG_COMPILER_WIDGET_BACKGROUND_COLOR_NAME = WidgetBackground;
				CODE_SIGN_ENTITLEMENTS = Widgets/Entitlements.entitlements;
				CODE_SIGN_STYLE = Automatic;
				CURRENT_PROJECT_VERSION = 1;
				DEVELOPMENT_TEAM = J7ZQRKLMXS;
				GENERATE_INFOPLIST_FILE = YES;
				INFOPLIST_FILE = Widgets/Info.plist;
				INFOPLIST_KEY_CFBundleDisplayName = Widgets;
				INFOPLIST_KEY_NSHumanReadableCopyright = "";
				LD_RUNPATH_SEARCH_PATHS = (
					"$(inherited)",
					"@executable_path/Frameworks",
					"@executable_path/../../Frameworks",
				);
				MARKETING_VERSION = 1.0;
				PRODUCT_BUNDLE_IDENTIFIER = "ua.org.mac-blog.GoogleSheetsWidget.Widgets";
				PRODUCT_NAME = "$(TARGET_NAME)";
				SKIP_INSTALL = YES;
				SUPPORTED_PLATFORMS = "iphoneos iphonesimulator";
				SUPPORTS_MACCATALYST = NO;
				SUPPORTS_MAC_DESIGNED_FOR_IPHONE_IPAD = NO;
				SUPPORTS_XR_DESIGNED_FOR_IPHONE_IPAD = NO;
				SWIFT_EMIT_LOC_STRINGS = YES;
				SWIFT_VERSION = 5.0;
				TARGETED_DEVICE_FAMILY = 1;
			};
			name = Release;
		};
/* End XCBuildConfiguration section */

/* Begin XCConfigurationList section */
		04490B152BA465DD009E5034 /* Build configuration list for PBXProject "GoogleSheetsWidget" */ = {
			isa = XCConfigurationList;
			buildConfigurations = (
				04490B262BA465DF009E5034 /* Debug */,
				04490B272BA465DF009E5034 /* Release */,
			);
			defaultConfigurationIsVisible = 0;
			defaultConfigurationName = Release;
		};
		04490B5E2BA46AB7009E5034 /* Build configuration list for PBXNativeTarget "GoogleSheetsWidget" */ = {
			isa = XCConfigurationList;
			buildConfigurations = (
				04490B5F2BA46AB7009E5034 /* Debug */,
				04490B602BA46AB7009E5034 /* Release */,
			);
			defaultConfigurationIsVisible = 0;
			defaultConfigurationName = Release;
		};
		048DD12A2BA8E21C0064F663 /* Build configuration list for PBXNativeTarget "Shared" */ = {
			isa = XCConfigurationList;
			buildConfigurations = (
				048DD12B2BA8E21C0064F663 /* Debug */,
				048DD12C2BA8E21C0064F663 /* Release */,
			);
			defaultConfigurationIsVisible = 0;
			defaultConfigurationName = Release;
		};
		04E41C7A2BA473470095C411 /* Build configuration list for PBXNativeTarget "WidgetsExtension" */ = {
			isa = XCConfigurationList;
			buildConfigurations = (
				04E41C782BA473470095C411 /* Debug */,
				04E41C792BA473470095C411 /* Release */,
			);
			defaultConfigurationIsVisible = 0;
			defaultConfigurationName = Release;
		};
/* End XCConfigurationList section */
	};
	rootObject = 04490B122BA465DD009E5034 /* Project object */;
}
